<Solution>
  <Project Path="../Tracer/Tracer.Serialization.Abstractions/Tracer.Serialization.Abstractions.csproj" />
  <Project Path="Tracer.Serialization.Json/Tracer.Serialization.Json.csproj" />
  <Project Path="Tracer.Serialization.Xml/Tracer.Serialization.Xml.csproj" />
  <Project Path="Tracer.Serialization.Yaml/Tracer.Serialization.Yaml.csproj" />
</Solution>
